
Microsoft Visual Studio Solution File, Format Version 12.00
# Visual Studio Version 16
VisualStudioVersion = 16.0.30907.101
MinimumVisualStudioVersion = 10.0.40219.1
Project("{FAE04EC0-301F-11D3-BF4B-00C04F79EFBC}") = "Vidly", "Vidly.csproj", "{0845B05C-C112-4363-BC91-4A951EE7DF5E}"
EndProject
Global
	GlobalSection(SolutionConfigurationPlatforms) = preSolution
		Debug|Any CPU = Debug|Any CPU
		Release|Any CPU = Release|Any CPU
	EndGlobalSection
	GlobalSection(ProjectConfigurationPlatforms) = postSolution
		{0845B05C-C112-4363-BC91-4A951EE7DF5E}.Debug|Any CPU.ActiveCfg = Debug|Any CPU
		{0845B05C-C112-4363-BC91-4A951EE7DF5E}.Debug|Any CPU.Build.0 = Debug|Any CPU
		{0845B05C-C112-4363-BC91-4A951EE7DF5E}.Release|Any CPU.ActiveCfg = Release|Any CPU
		{0845B05C-C112-4363-BC91-4A951EE7DF5E}.Release|Any CPU.Build.0 = Release|Any CPU
	EndGlobalSection
	GlobalSection(SolutionProperties) = preSolution
		HideSolutionNode = FALSE
	EndGlobalSection
	GlobalSection(ExtensibilityGlobals) = postSolution
		SolutionGuid = {62A2A8F1-D64B-4CEC-A5C9-F18C53734E49}
	EndGlobalSection
EndGlobal
